
Microsoft Visual Studio Solution File, Format Version 12.00
# Visual Studio Version 17
VisualStudioVersion = 17.2.32630.192
MinimumVisualStudioVersion = 10.0.40219.1
Project("{FAE04EC0-301F-11D3-BF4B-00C04F79EFBC}") = "MovieDatabase", "MovieDatabase\MovieDatabase.csproj", "{F4936902-40DB-4047-8EE1-8CB7F9B1946A}"
EndProject
Global
	GlobalSection(SolutionConfigurationPlatforms) = preSolution
		Debug|Any CPU = Debug|Any CPU
		Release|Any CPU = Release|Any CPU
	EndGlobalSection
	GlobalSection(ProjectConfigurationPlatforms) = postSolution
		{F4936902-40DB-4047-8EE1-8CB7F9B1946A}.Debug|Any CPU.ActiveCfg = Debug|Any CPU
		{F4936902-40DB-4047-8EE1-8CB7F9B1946A}.Debug|Any CPU.Build.0 = Debug|Any CPU
		{F4936902-40DB-4047-8EE1-8CB7F9B1946A}.Release|Any CPU.ActiveCfg = Release|Any CPU
		{F4936902-40DB-4047-8EE1-8CB7F9B1946A}.Release|Any CPU.Build.0 = Release|Any CPU
	EndGlobalSection
	GlobalSection(SolutionProperties) = preSolution
		HideSolutionNode = FALSE
	EndGlobalSection
	GlobalSection(ExtensibilityGlobals) = postSolution
		SolutionGuid = {AAFCE228-A8C5-4D95-B7DC-9EBBE8D14479}
	EndGlobalSection
EndGlobal
